// !$*UTF8*$!
{
	archiveVersion = 1;
	classes = {
	};
	objectVersion = 46;
	objects = {

/* Begin PBXBuildFile section */
		F68135251C8496840064C935 /* AppDelegate.swift in Sources */ = {isa = PBXBuildFile; fileRef = F68135241C8496840064C935 /* AppDelegate.swift */; };
		F68135271C8496840064C935 /* PlaylistMasterDetailViewController.swift in Sources */ = {isa = PBXBuildFile; fileRef = F68135261C8496840064C935 /* PlaylistMasterDetailViewController.swift */; };
		F681352C1C8496840064C935 /* Assets.xcassets in Resources */ = {isa = PBXBuildFile; fileRef = F681352B1C8496840064C935 /* Assets.xcassets */; };
		F681352F1C8496840064C935 /* LaunchScreen.storyboard in Resources */ = {isa = PBXBuildFile; fileRef = F681352D1C8496840064C935 /* LaunchScreen.storyboard */; };
		F68135371C849BD00064C935 /* PlaylistDetailViewController.swift in Sources */ = {isa = PBXBuildFile; fileRef = F68135361C849BD00064C935 /* PlaylistDetailViewController.swift */; };
		F68135391C88B1BE0064C935 /* MusicLibrary.swift in Sources */ = {isa = PBXBuildFile; fileRef = F68135381C88B1BD0064C935 /* MusicLibrary.swift */; };
		F681353B1C88B4C30064C935 /* Playlist.swift in Sources */ = {isa = PBXBuildFile; fileRef = F681353A1C88B4C30064C935 /* Playlist.swift */; };
		F681353D1C88C81B0064C935 /* Main.storyboard in Resources */ = {isa = PBXBuildFile; fileRef = F681353C1C88C81B0064C935 /* Main.storyboard */; };
/* End PBXBuildFile section */

/* Begin PBXFileReference section */
		F68135211C8496840064C935 /* Algorhythm.app */ = {isa = PBXFileReference; explicitFileType = wrapper.application; includeInIndex = 0; path = Algorhythm.app; sourceTree = BUILT_PRODUCTS_DIR; };
		F68135241C8496840064C935 /* AppDelegate.swift */ = {isa = PBXFileReference; lastKnownFileType = sourcecode.swift; path = AppDelegate.swift; sourceTree = "<group>"; };
		F68135261C8496840064C935 /* PlaylistMasterDetailViewController.swift */ = {isa = PBXFileReference; lastKnownFileType = sourcecode.swift; path = PlaylistMasterDetailViewController.swift; sourceTree = "<group>"; };
		F681352B1C8496840064C935 /* Assets.xcassets */ = {isa = PBXFileReference; lastKnownFileType = folder.assetcatalog; path = Assets.xcassets; sourceTree = "<group>"; };
		F681352E1C8496840064C935 /* Base */ = {isa = PBXFileReference; lastKnownFileType = file.storyboard; name = Base; path = Base.lproj/LaunchScreen.storyboard; sourceTree = "<group>"; };
		F68135301C8496840064C935 /* Info.plist */ = {isa = PBXFileReference; lastKnownFileType = text.plist.xml; path = Info.plist; sourceTree = "<group>"; };
		F68135361C849BD00064C935 /* PlaylistDetailViewController.swift */ = {isa = PBXFileReference; fileEncoding = 4; lastKnownFileType = sourcecode.swift; path = PlaylistDetailViewController.swift; sourceTree = "<group>"; };
		F68135381C88B1BD0064C935 /* MusicLibrary.swift */ = {isa = PBXFileReference; fileEncoding = 4; lastKnownFileType = sourcecode.swift; path = MusicLibrary.swift; sourceTree = "<group>"; };
		F681353A1C88B4C30064C935 /* Playlist.swift */ = {isa = PBXFileReference; fileEncoding = 4; lastKnownFileType = sourcecode.swift; path = Playlist.swift; sourceTree = "<group>"; };
		F681353C1C88C81B0064C935 /* Main.storyboard */ = {isa = PBXFileReference; fileEncoding = 4; lastKnownFileType = file.storyboard; path = Main.storyboard; sourceTree = "<group>"; };
/* End PBXFileReference section */

/* Begin PBXFrameworksBuildPhase section */
		F681351E1C8496840064C935 /* Frameworks */ = {
			isa = PBXFrameworksBuildPhase;
			buildActionMask = 2147483647;
			files = (
			);
			runOnlyForDeploymentPostprocessing = 0;
		};
/* End PBXFrameworksBuildPhase section */

/* Begin PBXGroup section */
		F68135181C8496840064C935 = {
			isa = PBXGroup;
			children = (
				F68135231C8496840064C935 /* Algorhythm */,
				F68135221C8496840064C935 /* Products */,
			);
			sourceTree = "<group>";
		};
		F68135221C8496840064C935 /* Products */ = {
			isa = PBXGroup;
			children = (
				F68135211C8496840064C935 /* Algorhythm.app */,
			);
			name = Products;
			sourceTree = "<group>";
		};
		F68135231C8496840064C935 /* Algorhythm */ = {
			isa = PBXGroup;
			children = (
				F68135241C8496840064C935 /* AppDelegate.swift */,
				F68135261C8496840064C935 /* PlaylistMasterDetailViewController.swift */,
				F68135361C849BD00064C935 /* PlaylistDetailViewController.swift */,
				F681353A1C88B4C30064C935 /* Playlist.swift */,
				F68135381C88B1BD0064C935 /* MusicLibrary.swift */,
				F681353C1C88C81B0064C935 /* Main.storyboard */,
				F681352B1C8496840064C935 /* Assets.xcassets */,
				F681352D1C8496840064C935 /* LaunchScreen.storyboard */,
				F68135301C8496840064C935 /* Info.plist */,
			);
			path = Algorhythm;
			sourceTree = "<group>";
		};
/* End PBXGroup section */

/* Begin PBXNativeTarget section */
		F68135201C8496840064C935 /* Algorhythm */ = {
			isa = PBXNativeTarget;
			buildConfigurationList = F68135331C8496840064C935 /* Build configuration list for PBXNativeTarget "Algorhythm" */;
			buildPhases = (
				F681351D1C8496840064C935 /* Sources */,
				F681351E1C8496840064C935 /* Frameworks */,
				F681351F1C8496840064C935 /* Resources */,
			);
			buildRules = (
			);
			dependencies = (
			);
			name = Algorhythm;
			productName = Algorhythm;
			productReference = F68135211C8496840064C935 /* Algorhythm.app */;
			productType = "com.apple.product-type.application";
		};
/* End PBXNativeTarget section */

/* Begin PBXProject section */
		F68135191C8496840064C935 /* Project object */ = {
			isa = PBXProject;
			attributes = {
				LastSwiftUpdateCheck = 0710;
				LastUpgradeCheck = 0710;
				ORGANIZATIONNAME = "Crystal Mora";
				TargetAttributes = {
					F68135201C8496840064C935 = {
						CreatedOnToolsVersion = 7.1.1;
					};
				};
			};
			buildConfigurationList = F681351C1C8496840064C935 /* Build configuration list for PBXProject "Algorhythm" */;
			compatibilityVersion = "Xcode 3.2";
			developmentRegion = English;
			hasScannedForEncodings = 0;
			knownRegions = (
				en,
				Base,
			);
			mainGroup = F68135181C8496840064C935;
			productRefGroup = F68135221C8496840064C935 /* Products */;
			projectDirPath = "";
			projectRoot = "";
			targets = (
				F68135201C8496840064C935 /* Algorhythm */,
			);
		};
/* End PBXProject section */

/* Begin PBXResourcesBuildPhase section */
		F681351F1C8496840064C935 /* Resources */ = {
			isa = PBXResourcesBuildPhase;
			buildActionMask = 2147483647;
			files = (
				F681352F1C8496840064C935 /* LaunchScreen.storyboard in Resources */,
				F681353D1C88C81B0064C935 /* Main.storyboard in Resources */,
				F681352C1C8496840064C935 /* Assets.xcassets in Resources */,
			);
			runOnlyForDeploymentPostprocessing = 0;
		};
/* End PBXResourcesBuildPhase section */

/* Begin PBXSourcesBuildPhase section */
		F681351D1C8496840064C935 /* Sources */ = {
			isa = PBXSourcesBuildPhase;
			buildActionMask = 2147483647;
			files = (
				F68135371C849BD00064C935 /* PlaylistDetailViewController.swift in Sources */,
				F68135271C8496840064C935 /* PlaylistMasterDetailViewController.swift in Sources */,
				F68135251C8496840064C935 /* AppDelegate.swift in Sources */,
				F68135391C88B1BE0064C935 /* MusicLibrary.swift in Sources */,
				F681353B1C88B4C30064C935 /* Playlist.swift in Sources */,
			);
			runOnlyForDeploymentPostprocessing = 0;
		};
/* End PBXSourcesBuildPhase section */

/* Begin PBXVariantGroup section */
		F681352D1C8496840064C935 /* LaunchScreen.storyboard */ = {
			isa = PBXVariantGroup;
			children = (
				F681352E1C8496840064C935 /* Base */,
			);
			name = LaunchScreen.storyboard;
			sourceTree = "<group>";
		};
/* End PBXVariantGroup section */

/* Begin XCBuildConfiguration section */
		F68135311C8496840064C935 /* Debug */ = {
			isa = XCBuildConfiguration;
			buildSettings = {
				ALWAYS_SEARCH_USER_PATHS = NO;
				CLANG_CXX_LANGUAGE_STANDARD = "gnu++0x";
				CLANG_CXX_LIBRARY = "libc++";
				CLANG_ENABLE_MODULES = YES;
				CLANG_ENABLE_OBJC_ARC = YES;
				CLANG_WARN_BOOL_CONVERSION = YES;
				CLANG_WARN_CONSTANT_CONVERSION = YES;
				CLANG_WARN_DIRECT_OBJC_ISA_USAGE = YES_ERROR;
				CLANG_WARN_EMPTY_BODY = YES;
				CLANG_WARN_ENUM_CONVERSION = YES;
				CLANG_WARN_INT_CONVERSION = YES;
				CLANG_WARN_OBJC_ROOT_CLASS = YES_ERROR;
				CLANG_WARN_UNREACHABLE_CODE = YES;
				CLANG_WARN__DUPLICATE_METHOD_MATCH = YES;
				"CODE_SIGN_IDENTITY[sdk=iphoneos*]" = "iPhone Developer";
				COPY_PHASE_STRIP = NO;
				DEBUG_INFORMATION_FORMAT = dwarf;
				ENABLE_STRICT_OBJC_MSGSEND = YES;
				ENABLE_TESTABILITY = YES;
				GCC_C_LANGUAGE_STANDARD = gnu99;
				GCC_DYNAMIC_NO_PIC = NO;
				GCC_NO_COMMON_BLOCKS = YES;
				GCC_OPTIMIZATION_LEVEL = 0;
				GCC_PREPROCESSOR_DEFINITIONS = (
					"DEBUG=1",
					"$(inherited)",
				);
				GCC_WARN_64_TO_32_BIT_CONVERSION = YES;
				GCC_WARN_ABOUT_RETURN_TYPE = YES_ERROR;
				GCC_WARN_UNDECLARED_SELECTOR = YES;
				GCC_WARN_UNINITIALIZED_AUTOS = YES_AGGRESSIVE;
				GCC_WARN_UNUSED_FUNCTION = YES;
				GCC_WARN_UNUSED_VARIABLE = YES;
				IPHONEOS_DEPLOYMENT_TARGET = 9.1;
				MTL_ENABLE_DEBUG_INFO = YES;
				ONLY_ACTIVE_ARCH = YES;
				SDKROOT = iphoneos;
				SWIFT_OPTIMIZATION_LEVEL = "-Onone";
			};
			name = Debug;
		};
		F68135321C8496840064C935 /* Release */ = {
			isa = XCBuildConfiguration;
			buildSettings = {
				ALWAYS_SEARCH_USER_PATHS = NO;
				CLANG_CXX_LANGUAGE_STANDARD = "gnu++0x";
				CLANG_CXX_LIBRARY = "libc++";
				CLANG_ENABLE_MODULES = YES;
				CLANG_ENABLE_OBJC_ARC = YES;
				CLANG_WARN_BOOL_CONVERSION = YES;
				CLANG_WARN_CONSTANT_CONVERSION = YES;
				CLANG_WARN_DIRECT_OBJC_ISA_USAGE = YES_ERROR;
				CLANG_WARN_EMPTY_BODY = YES;
				CLANG_WARN_ENUM_CONVERSION = YES;
				CLANG_WARN_INT_CONVERSION = YES;
				CLANG_WARN_OBJC_ROOT_CLASS = YES_ERROR;
				CLANG_WARN_UNREACHABLE_CODE = YES;
				CLANG_WARN__DUPLICATE_METHOD_MATCH = YES;
				"CODE_SIGN_IDENTITY[sdk=iphoneos*]" = "iPhone Developer";
				COPY_PHASE_STRIP = NO;
				DEBUG_INFORMATION_FORMAT = "dwarf-with-dsym";
				ENABLE_NS_ASSERTIONS = NO;
				ENABLE_STRICT_OBJC_MSGSEND = YES;
				GCC_C_LANGUAGE_STANDARD = gnu99;
				GCC_NO_COMMON_BLOCKS = YES;
				GCC_WARN_64_TO_32_BIT_CONVERSION = YES;
				GCC_WARN_ABOUT_RETURN_TYPE = YES_ERROR;
				GCC_WARN_UNDECLARED_SELECTOR = YES;
				GCC_WARN_UNINITIALIZED_AUTOS = YES_AGGRESSIVE;
				GCC_WARN_UNUSED_FUNCTION = YES;
				GCC_WARN_UNUSED_VARIABLE = YES;
				IPHONEOS_DEPLOYMENT_TARGET = 9.1;
				MTL_ENABLE_DEBUG_INFO = NO;
				SDKROOT = iphoneos;
				VALIDATE_PRODUCT = YES;
			};
			name = Release;
		};
		F68135341C8496840064C935 /* Debug */ = {
			isa = XCBuildConfiguration;
			buildSettings = {
				ASSETCATALOG_COMPILER_APPICON_NAME = AppIcon;
				INFOPLIST_FILE = Algorhythm/Info.plist;
				LD_RUNPATH_SEARCH_PATHS = "$(inherited) @executable_path/Frameworks";
				PRODUCT_BUNDLE_IDENTIFIER = com.crystalmora.Algorhythm;
				PRODUCT_NAME = "$(TARGET_NAME)";
			};
			name = Debug;
		};
		F68135351C8496840064C935 /* Release */ = {
			isa = XCBuildConfiguration;
			buildSettings = {
				ASSETCATALOG_COMPILER_APPICON_NAME = AppIcon;
				INFOPLIST_FILE = Algorhythm/Info.plist;
				LD_RUNPATH_SEARCH_PATHS = "$(inherited) @executable_path/Frameworks";
				PRODUCT_BUNDLE_IDENTIFIER = com.crystalmora.Algorhythm;
				PRODUCT_NAME = "$(TARGET_NAME)";
			};
			name = Release;
		};
/* End XCBuildConfiguration section */

/* Begin XCConfigurationList section */
		F681351C1C8496840064C935 /* Build configuration list for PBXProject "Algorhythm" */ = {
			isa = XCConfigurationList;
			buildConfigurations = (
				F68135311C8496840064C935 /* Debug */,
				F68135321C8496840064C935 /* Release */,
			);
			defaultConfigurationIsVisible = 0;
			defaultConfigurationName = Release;
		};
		F68135331C8496840064C935 /* Build configuration list for PBXNativeTarget "Algorhythm" */ = {
			isa = XCConfigurationList;
			buildConfigurations = (
				F68135341C8496840064C935 /* Debug */,
				F68135351C8496840064C935 /* Release */,
			);
			defaultConfigurationIsVisible = 0;
			defaultConfigurationName = Release;
		};
/* End XCConfigurationList section */
	};
	rootObject = F68135191C8496840064C935 /* Project object */;
}
